
Microsoft Visual Studio Solution File, Format Version 12.00
Project("{2150E333-8FDC-42A3-9474-1A3956D46DE8}") = "Solution Items", "Solution Items", "{8CC15882-92FC-4B2A-9BC5-0E46E71ABA22}"
	ProjectSection(SolutionItems) = preProject
		compose.yaml = compose.yaml
	EndProjectSection
EndProject
Project("{FAE04EC0-301F-11D3-BF4B-00C04F79EFBC}") = "Schedura.Domain", "Schedura.Domain\Schedura.Domain.csproj", "{A8833AD2-AA02-4D4B-8B61-2F18F4BB2D15}"
EndProject
Project("{FAE04EC0-301F-11D3-BF4B-00C04F79EFBC}") = "Schedura.Infra", "Schedura.Infra\Schedura.Infra.csproj", "{8404D900-FC82-4330-BC10-0DA85B2CCADB}"
EndProject
Project("{FAE04EC0-301F-11D3-BF4B-00C04F79EFBC}") = "Schedura.Bootstraper", "Schedura.Bootstraper\Schedura.Bootstraper.csproj", "{E37D1CE7-C29E-4FB9-804A-097C654382A5}"
EndProject
Project("{2150E333-8FDC-42A3-9474-1A3956D46DE8}") = "Application", "Application", "{8D34CD4E-3245-4887-B6B6-C3D23594C93C}"
EndProject
Project("{FAE04EC0-301F-11D3-BF4B-00C04F79EFBC}") = "Schedura.Application", "Schedura.Application\Schedura.Application.csproj", "{D9F99721-549B-4F29-9222-67BC04B70259}"
EndProject
Project("{FAE04EC0-301F-11D3-BF4B-00C04F79EFBC}") = "Schedura.Application.Contracts", "Schedura.Application.Contracts\Schedura.Application.Contracts.csproj", "{24ED1908-8684-47D0-8CC1-716AB1FD7AF4}"
EndProject
Project("{FAE04EC0-301F-11D3-BF4B-00C04F79EFBC}") = "Schedura.Application.Tests", "Schedura.Application.Tests\Schedura.Application.Tests.csproj", "{DC61B6FF-C98D-48F7-88BC-432943330A01}"
EndProject
Project("{2150E333-8FDC-42A3-9474-1A3956D46DE8}") = "Services", "Services", "{ED3A9582-7FED-45BF-86FC-61C7291DF360}"
EndProject
Project("{FAE04EC0-301F-11D3-BF4B-00C04F79EFBC}") = "Schedura.Services", "Schedura.Services\Schedura.Services.csproj", "{EE3545D4-D8EF-4F63-A944-88079ABB45CC}"
EndProject
Project("{FAE04EC0-301F-11D3-BF4B-00C04F79EFBC}") = "Schedura.Services.Tests", "Schedura.Services.Tests\Schedura.Services.Tests.csproj", "{B31D729E-277A-451C-B109-3D16657478AB}"
EndProject
Project("{2150E333-8FDC-42A3-9474-1A3956D46DE8}") = "API", "API", "{3C1A6338-BBC1-4C4F-B0CD-7BDF9F5AA41A}"
EndProject
Project("{FAE04EC0-301F-11D3-BF4B-00C04F79EFBC}") = "Schedura.Api", "Schedura.Api\Schedura.Api.csproj", "{7020B60E-C8DF-4BC6-8071-81796A5E6A5A}"
EndProject
Project("{FAE04EC0-301F-11D3-BF4B-00C04F79EFBC}") = "Schedura.Api.Tests", "Schedura.Api.Tests\Schedura.Api.Tests.csproj", "{CFB837B8-9583-4926-9AF8-29578109DE26}"
EndProject
Global
	GlobalSection(SolutionConfigurationPlatforms) = preSolution
		Debug|Any CPU = Debug|Any CPU
		Debug|x64 = Debug|x64
		Debug|x86 = Debug|x86
		Release|Any CPU = Release|Any CPU
		Release|x64 = Release|x64
		Release|x86 = Release|x86
	EndGlobalSection
	GlobalSection(ProjectConfigurationPlatforms) = postSolution
		{A8833AD2-AA02-4D4B-8B61-2F18F4BB2D15}.Debug|Any CPU.ActiveCfg = Debug|Any CPU
		{A8833AD2-AA02-4D4B-8B61-2F18F4BB2D15}.Debug|Any CPU.Build.0 = Debug|Any CPU
		{A8833AD2-AA02-4D4B-8B61-2F18F4BB2D15}.Debug|x64.ActiveCfg = Debug|Any CPU
		{A8833AD2-AA02-4D4B-8B61-2F18F4BB2D15}.Debug|x64.Build.0 = Debug|Any CPU
		{A8833AD2-AA02-4D4B-8B61-2F18F4BB2D15}.Debug|x86.ActiveCfg = Debug|Any CPU
		{A8833AD2-AA02-4D4B-8B61-2F18F4BB2D15}.Debug|x86.Build.0 = Debug|Any CPU
		{A8833AD2-AA02-4D4B-8B61-2F18F4BB2D15}.Release|Any CPU.ActiveCfg = Release|Any CPU
		{A8833AD2-AA02-4D4B-8B61-2F18F4BB2D15}.Release|Any CPU.Build.0 = Release|Any CPU
		{A8833AD2-AA02-4D4B-8B61-2F18F4BB2D15}.Release|x64.ActiveCfg = Release|Any CPU
		{A8833AD2-AA02-4D4B-8B61-2F18F4BB2D15}.Release|x64.Build.0 = Release|Any CPU
		{A8833AD2-AA02-4D4B-8B61-2F18F4BB2D15}.Release|x86.ActiveCfg = Release|Any CPU
		{A8833AD2-AA02-4D4B-8B61-2F18F4BB2D15}.Release|x86.Build.0 = Release|Any CPU
		{8404D900-FC82-4330-BC10-0DA85B2CCADB}.Debug|Any CPU.ActiveCfg = Debug|Any CPU
		{8404D900-FC82-4330-BC10-0DA85B2CCADB}.Debug|Any CPU.Build.0 = Debug|Any CPU
		{8404D900-FC82-4330-BC10-0DA85B2CCADB}.Debug|x64.ActiveCfg = Debug|Any CPU
		{8404D900-FC82-4330-BC10-0DA85B2CCADB}.Debug|x64.Build.0 = Debug|Any CPU
		{8404D900-FC82-4330-BC10-0DA85B2CCADB}.Debug|x86.ActiveCfg = Debug|Any CPU
		{8404D900-FC82-4330-BC10-0DA85B2CCADB}.Debug|x86.Build.0 = Debug|Any CPU
		{8404D900-FC82-4330-BC10-0DA85B2CCADB}.Release|Any CPU.ActiveCfg = Release|Any CPU
		{8404D900-FC82-4330-BC10-0DA85B2CCADB}.Release|Any CPU.Build.0 = Release|Any CPU
		{8404D900-FC82-4330-BC10-0DA85B2CCADB}.Release|x64.ActiveCfg = Release|Any CPU
		{8404D900-FC82-4330-BC10-0DA85B2CCADB}.Release|x64.Build.0 = Release|Any CPU
		{8404D900-FC82-4330-BC10-0DA85B2CCADB}.Release|x86.ActiveCfg = Release|Any CPU
		{8404D900-FC82-4330-BC10-0DA85B2CCADB}.Release|x86.Build.0 = Release|Any CPU
		{E37D1CE7-C29E-4FB9-804A-097C654382A5}.Debug|Any CPU.ActiveCfg = Debug|Any CPU
		{E37D1CE7-C29E-4FB9-804A-097C654382A5}.Debug|Any CPU.Build.0 = Debug|Any CPU
		{E37D1CE7-C29E-4FB9-804A-097C654382A5}.Debug|x64.ActiveCfg = Debug|Any CPU
		{E37D1CE7-C29E-4FB9-804A-097C654382A5}.Debug|x64.Build.0 = Debug|Any CPU
		{E37D1CE7-C29E-4FB9-804A-097C654382A5}.Debug|x86.ActiveCfg = Debug|Any CPU
		{E37D1CE7-C29E-4FB9-804A-097C654382A5}.Debug|x86.Build.0 = Debug|Any CPU
		{E37D1CE7-C29E-4FB9-804A-097C654382A5}.Release|Any CPU.ActiveCfg = Release|Any CPU
		{E37D1CE7-C29E-4FB9-804A-097C654382A5}.Release|Any CPU.Build.0 = Release|Any CPU
		{E37D1CE7-C29E-4FB9-804A-097C654382A5}.Release|x64.ActiveCfg = Release|Any CPU
		{E37D1CE7-C29E-4FB9-804A-097C654382A5}.Release|x64.Build.0 = Release|Any CPU
		{E37D1CE7-C29E-4FB9-804A-097C654382A5}.Release|x86.ActiveCfg = Release|Any CPU
		{E37D1CE7-C29E-4FB9-804A-097C654382A5}.Release|x86.Build.0 = Release|Any CPU
		{D9F99721-549B-4F29-9222-67BC04B70259}.Debug|Any CPU.ActiveCfg = Debug|Any CPU
		{D9F99721-549B-4F29-9222-67BC04B70259}.Debug|Any CPU.Build.0 = Debug|Any CPU
		{D9F99721-549B-4F29-9222-67BC04B70259}.Debug|x64.ActiveCfg = Debug|Any CPU
		{D9F99721-549B-4F29-9222-67BC04B70259}.Debug|x64.Build.0 = Debug|Any CPU
		{D9F99721-549B-4F29-9222-67BC04B70259}.Debug|x86.ActiveCfg = Debug|Any CPU
		{D9F99721-549B-4F29-9222-67BC04B70259}.Debug|x86.Build.0 = Debug|Any CPU
		{D9F99721-549B-4F29-9222-67BC04B70259}.Release|Any CPU.ActiveCfg = Release|Any CPU
		{D9F99721-549B-4F29-9222-67BC04B70259}.Release|Any CPU.Build.0 = Release|Any CPU
		{D9F99721-549B-4F29-9222-67BC04B70259}.Release|x64.ActiveCfg = Release|Any CPU
		{D9F99721-549B-4F29-9222-67BC04B70259}.Release|x64.Build.0 = Release|Any CPU
		{D9F99721-549B-4F29-9222-67BC04B70259}.Release|x86.ActiveCfg = Release|Any CPU
		{D9F99721-549B-4F29-9222-67BC04B70259}.Release|x86.Build.0 = Release|Any CPU
		{24ED1908-8684-47D0-8CC1-716AB1FD7AF4}.Debug|Any CPU.ActiveCfg = Debug|Any CPU
		{24ED1908-8684-47D0-8CC1-716AB1FD7AF4}.Debug|Any CPU.Build.0 = Debug|Any CPU
		{24ED1908-8684-47D0-8CC1-716AB1FD7AF4}.Debug|x64.ActiveCfg = Debug|Any CPU
		{24ED1908-8684-47D0-8CC1-716AB1FD7AF4}.Debug|x64.Build.0 = Debug|Any CPU
		{24ED1908-8684-47D0-8CC1-716AB1FD7AF4}.Debug|x86.ActiveCfg = Debug|Any CPU
		{24ED1908-8684-47D0-8CC1-716AB1FD7AF4}.Debug|x86.Build.0 = Debug|Any CPU
		{24ED1908-8684-47D0-8CC1-716AB1FD7AF4}.Release|Any CPU.ActiveCfg = Release|Any CPU
		{24ED1908-8684-47D0-8CC1-716AB1FD7AF4}.Release|Any CPU.Build.0 = Release|Any CPU
		{24ED1908-8684-47D0-8CC1-716AB1FD7AF4}.Release|x64.ActiveCfg = Release|Any CPU
		{24ED1908-8684-47D0-8CC1-716AB1FD7AF4}.Release|x64.Build.0 = Release|Any CPU
		{24ED1908-8684-47D0-8CC1-716AB1FD7AF4}.Release|x86.ActiveCfg = Release|Any CPU
		{24ED1908-8684-47D0-8CC1-716AB1FD7AF4}.Release|x86.Build.0 = Release|Any CPU
		{DC61B6FF-C98D-48F7-88BC-432943330A01}.Debug|Any CPU.ActiveCfg = Debug|Any CPU
		{DC61B6FF-C98D-48F7-88BC-432943330A01}.Debug|Any CPU.Build.0 = Debug|Any CPU
		{DC61B6FF-C98D-48F7-88BC-432943330A01}.Debug|x64.ActiveCfg = Debug|Any CPU
		{DC61B6FF-C98D-48F7-88BC-432943330A01}.Debug|x64.Build.0 = Debug|Any CPU
		{DC61B6FF-C98D-48F7-88BC-432943330A01}.Debug|x86.ActiveCfg = Debug|Any CPU
		{DC61B6FF-C98D-48F7-88BC-432943330A01}.Debug|x86.Build.0 = Debug|Any CPU
		{DC61B6FF-C98D-48F7-88BC-432943330A01}.Release|Any CPU.ActiveCfg = Release|Any CPU
		{DC61B6FF-C98D-48F7-88BC-432943330A01}.Release|Any CPU.Build.0 = Release|Any CPU
		{DC61B6FF-C98D-48F7-88BC-432943330A01}.Release|x64.ActiveCfg = Release|Any CPU
		{DC61B6FF-C98D-48F7-88BC-432943330A01}.Release|x64.Build.0 = Release|Any CPU
		{DC61B6FF-C98D-48F7-88BC-432943330A01}.Release|x86.ActiveCfg = Release|Any CPU
		{DC61B6FF-C98D-48F7-88BC-432943330A01}.Release|x86.Build.0 = Release|Any CPU
		{EE3545D4-D8EF-4F63-A944-88079ABB45CC}.Debug|Any CPU.ActiveCfg = Debug|Any CPU
		{EE3545D4-D8EF-4F63-A944-88079ABB45CC}.Debug|Any CPU.Build.0 = Debug|Any CPU
		{EE3545D4-D8EF-4F63-A944-88079ABB45CC}.Debug|x64.ActiveCfg = Debug|Any CPU
		{EE3545D4-D8EF-4F63-A944-88079ABB45CC}.Debug|x64.Build.0 = Debug|Any CPU
		{EE3545D4-D8EF-4F63-A944-88079ABB45CC}.Debug|x86.ActiveCfg = Debug|Any CPU
		{EE3545D4-D8EF-4F63-A944-88079ABB45CC}.Debug|x86.Build.0 = Debug|Any CPU
		{EE3545D4-D8EF-4F63-A944-88079ABB45CC}.Release|Any CPU.ActiveCfg = Release|Any CPU
		{EE3545D4-D8EF-4F63-A944-88079ABB45CC}.Release|Any CPU.Build.0 = Release|Any CPU
		{EE3545D4-D8EF-4F63-A944-88079ABB45CC}.Release|x64.ActiveCfg = Release|Any CPU
		{EE3545D4-D8EF-4F63-A944-88079ABB45CC}.Release|x64.Build.0 = Release|Any CPU
		{EE3545D4-D8EF-4F63-A944-88079ABB45CC}.Release|x86.ActiveCfg = Release|Any CPU
		{EE3545D4-D8EF-4F63-A944-88079ABB45CC}.Release|x86.Build.0 = Release|Any CPU
		{B31D729E-277A-451C-B109-3D16657478AB}.Debug|Any CPU.ActiveCfg = Debug|Any CPU
		{B31D729E-277A-451C-B109-3D16657478AB}.Debug|Any CPU.Build.0 = Debug|Any CPU
		{B31D729E-277A-451C-B109-3D16657478AB}.Debug|x64.ActiveCfg = Debug|Any CPU
		{B31D729E-277A-451C-B109-3D16657478AB}.Debug|x64.Build.0 = Debug|Any CPU
		{B31D729E-277A-451C-B109-3D16657478AB}.Debug|x86.ActiveCfg = Debug|Any CPU
		{B31D729E-277A-451C-B109-3D16657478AB}.Debug|x86.Build.0 = Debug|Any CPU
		{B31D729E-277A-451C-B109-3D16657478AB}.Release|Any CPU.ActiveCfg = Release|Any CPU
		{B31D729E-277A-451C-B109-3D16657478AB}.Release|Any CPU.Build.0 = Release|Any CPU
		{B31D729E-277A-451C-B109-3D16657478AB}.Release|x64.ActiveCfg = Release|Any CPU
		{B31D729E-277A-451C-B109-3D16657478AB}.Release|x64.Build.0 = Release|Any CPU
		{B31D729E-277A-451C-B109-3D16657478AB}.Release|x86.ActiveCfg = Release|Any CPU
		{B31D729E-277A-451C-B109-3D16657478AB}.Release|x86.Build.0 = Release|Any CPU
		{7020B60E-C8DF-4BC6-8071-81796A5E6A5A}.Debug|Any CPU.ActiveCfg = Debug|Any CPU
		{7020B60E-C8DF-4BC6-8071-81796A5E6A5A}.Debug|Any CPU.Build.0 = Debug|Any CPU
		{7020B60E-C8DF-4BC6-8071-81796A5E6A5A}.Debug|x64.ActiveCfg = Debug|Any CPU
		{7020B60E-C8DF-4BC6-8071-81796A5E6A5A}.Debug|x64.Build.0 = Debug|Any CPU
		{7020B60E-C8DF-4BC6-8071-81796A5E6A5A}.Debug|x86.ActiveCfg = Debug|Any CPU
		{7020B60E-C8DF-4BC6-8071-81796A5E6A5A}.Debug|x86.Build.0 = Debug|Any CPU
		{7020B60E-C8DF-4BC6-8071-81796A5E6A5A}.Release|Any CPU.ActiveCfg = Release|Any CPU
		{7020B60E-C8DF-4BC6-8071-81796A5E6A5A}.Release|Any CPU.Build.0 = Release|Any CPU
		{7020B60E-C8DF-4BC6-8071-81796A5E6A5A}.Release|x64.ActiveCfg = Release|Any CPU
		{7020B60E-C8DF-4BC6-8071-81796A5E6A5A}.Release|x64.Build.0 = Release|Any CPU
		{7020B60E-C8DF-4BC6-8071-81796A5E6A5A}.Release|x86.ActiveCfg = Release|Any CPU
		{7020B60E-C8DF-4BC6-8071-81796A5E6A5A}.Release|x86.Build.0 = Release|Any CPU
		{CFB837B8-9583-4926-9AF8-29578109DE26}.Debug|Any CPU.ActiveCfg = Debug|Any CPU
		{CFB837B8-9583-4926-9AF8-29578109DE26}.Debug|Any CPU.Build.0 = Debug|Any CPU
		{CFB837B8-9583-4926-9AF8-29578109DE26}.Debug|x64.ActiveCfg = Debug|Any CPU
		{CFB837B8-9583-4926-9AF8-29578109DE26}.Debug|x64.Build.0 = Debug|Any CPU
		{CFB837B8-9583-4926-9AF8-29578109DE26}.Debug|x86.ActiveCfg = Debug|Any CPU
		{CFB837B8-9583-4926-9AF8-29578109DE26}.Debug|x86.Build.0 = Debug|Any CPU
		{CFB837B8-9583-4926-9AF8-29578109DE26}.Release|Any CPU.ActiveCfg = Release|Any CPU
		{CFB837B8-9583-4926-9AF8-29578109DE26}.Release|Any CPU.Build.0 = Release|Any CPU
		{CFB837B8-9583-4926-9AF8-29578109DE26}.Release|x64.ActiveCfg = Release|Any CPU
		{CFB837B8-9583-4926-9AF8-29578109DE26}.Release|x64.Build.0 = Release|Any CPU
		{CFB837B8-9583-4926-9AF8-29578109DE26}.Release|x86.ActiveCfg = Release|Any CPU
		{CFB837B8-9583-4926-9AF8-29578109DE26}.Release|x86.Build.0 = Release|Any CPU
	EndGlobalSection
	GlobalSection(SolutionProperties) = preSolution
		HideSolutionNode = FALSE
	EndGlobalSection
	GlobalSection(NestedProjects) = preSolution
		{D9F99721-549B-4F29-9222-67BC04B70259} = {8D34CD4E-3245-4887-B6B6-C3D23594C93C}
		{24ED1908-8684-47D0-8CC1-716AB1FD7AF4} = {8D34CD4E-3245-4887-B6B6-C3D23594C93C}
		{DC61B6FF-C98D-48F7-88BC-432943330A01} = {8D34CD4E-3245-4887-B6B6-C3D23594C93C}
		{EE3545D4-D8EF-4F63-A944-88079ABB45CC} = {ED3A9582-7FED-45BF-86FC-61C7291DF360}
		{B31D729E-277A-451C-B109-3D16657478AB} = {ED3A9582-7FED-45BF-86FC-61C7291DF360}
		{7020B60E-C8DF-4BC6-8071-81796A5E6A5A} = {3C1A6338-BBC1-4C4F-B0CD-7BDF9F5AA41A}
		{CFB837B8-9583-4926-9AF8-29578109DE26} = {3C1A6338-BBC1-4C4F-B0CD-7BDF9F5AA41A}
	EndGlobalSection
EndGlobal
